// !$*UTF8*$!
{
	archiveVersion = 1;
	classes = {
	};
	objectVersion = 77;
	objects = {

/* Begin PBXBuildFile section */
		CC73EBF12FA0FFF700C65813 /* DynamicJSON in Frameworks */ = {isa = PBXBuildFile; productRef = CC73EBF02FA0FFF700C65813 /* DynamicJSON */; };
		CC73EC082FA10E3800C65813 /* LispKitAssist.framework in Frameworks */ = {isa = PBXBuildFile; fileRef = CC80AA0D2FA0B91400859B31 /* LispKitAssist.framework */; };
		CC73EC092FA10E3800C65813 /* LispKitAssist.framework in Embed Frameworks */ = {isa = PBXBuildFile; fileRef = CC80AA0D2FA0B91400859B31 /* LispKitAssist.framework */; settings = {ATTRIBUTES = (CodeSignOnCopy, RemoveHeadersOnCopy, ); }; };
		CC73EC112FA1115200C65813 /* Security.framework in Frameworks */ = {isa = PBXBuildFile; fileRef = CC73EC102FA1115200C65813 /* Security.framework */; };
		CC73EC142FA1133800C65813 /* CommandLineKit in Frameworks */ = {isa = PBXBuildFile; productRef = CC73EC132FA1133800C65813 /* CommandLineKit */; };
		CC73EC1B2FA1F24D00C65813 /* LispKitAssist.docc in Sources */ = {isa = PBXBuildFile; fileRef = CC73EC1A2FA1F24D00C65813 /* LispKitAssist.docc */; };
		CC7CCAF02FA2AD5E00C05C77 /* main.swift in Sources */ = {isa = PBXBuildFile; fileRef = CC7CCAEE2FA2AD5E00C05C77 /* main.swift */; };
		CC7CCAF12FA2AD5E00C05C77 /* KeychainManager.swift in Sources */ = {isa = PBXBuildFile; fileRef = CC7CCAED2FA2AD5E00C05C77 /* KeychainManager.swift */; };
		CC7CCAF22FA2AD5E00C05C77 /* CLIPresenter.swift in Sources */ = {isa = PBXBuildFile; fileRef = CC7CCAEC2FA2AD5E00C05C77 /* CLIPresenter.swift */; };
		CC7CCB042FA2ADA200C05C77 /* AnthropicClient.swift in Sources */ = {isa = PBXBuildFile; fileRef = CC7CCAF32FA2ADA200C05C77 /* AnthropicClient.swift */; };
		CC7CCB052FA2ADA200C05C77 /* APIModels.swift in Sources */ = {isa = PBXBuildFile; fileRef = CC7CCAFA2FA2ADA200C05C77 /* APIModels.swift */; };
		CC7CCB062FA2ADA200C05C77 /* AssistantTool.swift in Sources */ = {isa = PBXBuildFile; fileRef = CC7CCAFF2FA2ADA200C05C77 /* AssistantTool.swift */; };
		CC7CCB072FA2ADA200C05C77 /* DocumentationTool.swift in Sources */ = {isa = PBXBuildFile; fileRef = CC7CCB002FA2ADA200C05C77 /* DocumentationTool.swift */; };
		CC7CCB082FA2ADA200C05C77 /* Message.swift in Sources */ = {isa = PBXBuildFile; fileRef = CC7CCAFB2FA2ADA200C05C77 /* Message.swift */; };
		CC7CCB092FA2ADA200C05C77 /* SystemPromptBuilder.swift in Sources */ = {isa = PBXBuildFile; fileRef = CC7CCAFD2FA2ADA200C05C77 /* SystemPromptBuilder.swift */; };
		CC7CCB0A2FA2ADA200C05C77 /* ToolRegistry.swift in Sources */ = {isa = PBXBuildFile; fileRef = CC7CCB012FA2ADA200C05C77 /* ToolRegistry.swift */; };
		CC7CCB0B2FA2ADA200C05C77 /* StreamParser.swift in Sources */ = {isa = PBXBuildFile; fileRef = CC7CCAF42FA2ADA200C05C77 /* StreamParser.swift */; };
		CC7CCB0C2FA2ADA200C05C77 /* AssistantEngine.swift in Sources */ = {isa = PBXBuildFile; fileRef = CC7CCAF72FA2ADA200C05C77 /* AssistantEngine.swift */; };
		CC7CCB0D2FA2ADA200C05C77 /* AssistantDelegate.swift in Sources */ = {isa = PBXBuildFile; fileRef = CC7CCAF62FA2ADA200C05C77 /* AssistantDelegate.swift */; };
		CC7CCB0E2FA2ADA200C05C77 /* ConversationSession.swift in Sources */ = {isa = PBXBuildFile; fileRef = CC7CCAF82FA2ADA200C05C77 /* ConversationSession.swift */; };
		CC7CCB112FA2ADD000C05C77 /* LispKitAssistTests.swift in Sources */ = {isa = PBXBuildFile; fileRef = CC7CCB0F2FA2ADD000C05C77 /* LispKitAssistTests.swift */; };
		CC80AA192FA0B91400859B31 /* LispKitAssist.framework in Frameworks */ = {isa = PBXBuildFile; fileRef = CC80AA0D2FA0B91400859B31 /* LispKitAssist.framework */; };
/* End PBXBuildFile section */

/* Begin PBXContainerItemProxy section */
		CC73EC0A2FA10E3800C65813 /* PBXContainerItemProxy */ = {
			isa = PBXContainerItemProxy;
			containerPortal = CC80AA042FA0B91400859B31 /* Project object */;
			proxyType = 1;
			remoteGlobalIDString = CC80AA0C2FA0B91400859B31;
			remoteInfo = LispKitAssist;
		};
		CC80AA1A2FA0B91400859B31 /* PBXContainerItemProxy */ = {
			isa = PBXContainerItemProxy;
			containerPortal = CC80AA042FA0B91400859B31 /* Project object */;
			proxyType = 1;
			remoteGlobalIDString = CC80AA0C2FA0B91400859B31;
			remoteInfo = LispKitAssist;
		};
/* End PBXContainerItemProxy section */

/* Begin PBXCopyFilesBuildPhase section */
		CC73EBFA2FA10C1700C65813 /* CopyFiles */ = {
			isa = PBXCopyFilesBuildPhase;
			buildActionMask = 2147483647;
			dstPath = /usr/share/man/man1/;
			dstSubfolderSpec = 0;
			files = (
			);
			runOnlyForDeploymentPostprocessing = 1;
		};
		CC73EC0C2FA10E3800C65813 /* Embed Frameworks */ = {
			isa = PBXCopyFilesBuildPhase;
			buildActionMask = 2147483647;
			dstPath = "";
			dstSubfolderSpec = 10;
			files = (
				CC73EC092FA10E3800C65813 /* LispKitAssist.framework in Embed Frameworks */,
			);
			name = "Embed Frameworks";
			runOnlyForDeploymentPostprocessing = 0;
		};
/* End PBXCopyFilesBuildPhase section */

/* Begin PBXFileReference section */
		CC73EBFC2FA10C1700C65813 /* LispKitCLI */ = {isa = PBXFileReference; explicitFileType = "compiled.mach-o.executable"; includeInIndex = 0; path = LispKitCLI; sourceTree = BUILT_PRODUCTS_DIR; };
		CC73EC0D2FA10F4900C65813 /* Package.swift */ = {isa = PBXFileReference; lastKnownFileType = sourcecode.swift; path = Package.swift; sourceTree = "<group>"; };
		CC73EC0E2FA110F900C65813 /* Security.framework */ = {isa = PBXFileReference; lastKnownFileType = wrapper.framework; name = Security.framework; path = System/Library/Frameworks/Security.framework; sourceTree = SDKROOT; };
		CC73EC102FA1115200C65813 /* Security.framework */ = {isa = PBXFileReference; lastKnownFileType = wrapper.framework; name = Security.framework; path = Platforms/iPhoneOS.platform/Developer/SDKs/iPhoneOS26.4.sdk/System/Library/Frameworks/Security.framework; sourceTree = DEVELOPER_DIR; };
		CC73EC1A2FA1F24D00C65813 /* LispKitAssist.docc */ = {isa = PBXFileReference; lastKnownFileType = folder.documentationcatalog; name = LispKitAssist.docc; path = Documentation/LispKitAssist.docc; sourceTree = "<group>"; };
		CC73EC1C2FA1F36F00C65813 /* (lispkit archive tar).md */ = {isa = PBXFileReference; lastKnownFileType = net.daringfireball.markdown; path = "(lispkit archive tar).md"; sourceTree = "<group>"; };
		CC73EC1D2FA1F36F00C65813 /* (lispkit archive zip).md */ = {isa = PBXFileReference; lastKnownFileType = net.daringfireball.markdown; path = "(lispkit archive zip).md"; sourceTree = "<group>"; };
		CC73EC1E2FA1F36F00C65813 /* (lispkit base).md */ = {isa = PBXFileReference; lastKnownFileType = net.daringfireball.markdown; path = "(lispkit base).md"; sourceTree = "<group>"; };
		CC73EC1F2FA1F36F00C65813 /* (lispkit bitset).md */ = {isa = PBXFileReference; lastKnownFileType = net.daringfireball.markdown; path = "(lispkit bitset).md"; sourceTree = "<group>"; };
		CC73EC202FA1F36F00C65813 /* (lispkit box).md */ = {isa = PBXFileReference; lastKnownFileType = net.daringfireball.markdown; path = "(lispkit box).md"; sourceTree = "<group>"; };
		CC73EC212FA1F36F00C65813 /* (lispkit bytevector).md */ = {isa = PBXFileReference; lastKnownFileType = net.daringfireball.markdown; path = "(lispkit bytevector).md"; sourceTree = "<group>"; };
		CC73EC222FA1F36F00C65813 /* (lispkit char-set).md */ = {isa = PBXFileReference; lastKnownFileType = net.daringfireball.markdown; path = "(lispkit char-set).md"; sourceTree = "<group>"; };
		CC73EC232FA1F36F00C65813 /* (lispkit char).md */ = {isa = PBXFileReference; lastKnownFileType = net.daringfireball.markdown; path = "(lispkit char).md"; sourceTree = "<group>"; };
		CC73EC242FA1F36F00C65813 /* (lispkit combinator).md */ = {isa = PBXFileReference; lastKnownFileType = net.daringfireball.markdown; path = "(lispkit combinator).md"; sourceTree = "<group>"; };
		CC73EC252FA1F36F00C65813 /* (lispkit comparator).md */ = {isa = PBXFileReference; lastKnownFileType = net.daringfireball.markdown; path = "(lispkit comparator).md"; sourceTree = "<group>"; };
		CC73EC262FA1F36F00C65813 /* (lispkit control).md */ = {isa = PBXFileReference; lastKnownFileType = net.daringfireball.markdown; path = "(lispkit control).md"; sourceTree = "<group>"; };
		CC73EC272FA1F36F00C65813 /* (lispkit core).md */ = {isa = PBXFileReference; lastKnownFileType = net.daringfireball.markdown; path = "(lispkit core).md"; sourceTree = "<group>"; };
		CC73EC282FA1F36F00C65813 /* (lispkit crypto).md */ = {isa = PBXFileReference; lastKnownFileType = net.daringfireball.markdown; path = "(lispkit crypto).md"; sourceTree = "<group>"; };
		CC73EC292FA1F36F00C65813 /* (lispkit csv).md */ = {isa = PBXFileReference; lastKnownFileType = net.daringfireball.markdown; path = "(lispkit csv).md"; sourceTree = "<group>"; };
		CC73EC2A2FA1F36F00C65813 /* (lispkit datatype).md */ = {isa = PBXFileReference; lastKnownFileType = net.daringfireball.markdown; path = "(lispkit datatype).md"; sourceTree = "<group>"; };
		CC73EC2B2FA1F36F00C65813 /* (lispkit date-time).md */ = {isa = PBXFileReference; lastKnownFileType = net.daringfireball.markdown; path = "(lispkit date-time).md"; sourceTree = "<group>"; };
		CC73EC2C2FA1F36F00C65813 /* (lispkit debug).md */ = {isa = PBXFileReference; lastKnownFileType = net.daringfireball.markdown; path = "(lispkit debug).md"; sourceTree = "<group>"; };
		CC73EC2D2FA1F36F00C65813 /* (lispkit disjoint-set).md */ = {isa = PBXFileReference; lastKnownFileType = net.daringfireball.markdown; path = "(lispkit disjoint-set).md"; sourceTree = "<group>"; };
		CC73EC2E2FA1F36F00C65813 /* (lispkit draw barcode).md */ = {isa = PBXFileReference; lastKnownFileType = net.daringfireball.markdown; path = "(lispkit draw barcode).md"; sourceTree = "<group>"; };
		CC73EC2F2FA1F36F00C65813 /* (lispkit draw chart bar).md */ = {isa = PBXFileReference; lastKnownFileType = net.daringfireball.markdown; path = "(lispkit draw chart bar).md"; sourceTree = "<group>"; };
		CC73EC302FA1F36F00C65813 /* (lispkit draw map).md */ = {isa = PBXFileReference; lastKnownFileType = net.daringfireball.markdown; path = "(lispkit draw map).md"; sourceTree = "<group>"; };
		CC73EC312FA1F36F00C65813 /* (lispkit draw turtle).md */ = {isa = PBXFileReference; lastKnownFileType = net.daringfireball.markdown; path = "(lispkit draw turtle).md"; sourceTree = "<group>"; };
		CC73EC322FA1F36F00C65813 /* (lispkit draw web).md */ = {isa = PBXFileReference; lastKnownFileType = net.daringfireball.markdown; path = "(lispkit draw web).md"; sourceTree = "<group>"; };
		CC73EC332FA1F36F00C65813 /* (lispkit draw).md */ = {isa = PBXFileReference; lastKnownFileType = net.daringfireball.markdown; path = "(lispkit draw).md"; sourceTree = "<group>"; };
		CC73EC342FA1F36F00C65813 /* (lispkit dynamic).md */ = {isa = PBXFileReference; lastKnownFileType = net.daringfireball.markdown; path = "(lispkit dynamic).md"; sourceTree = "<group>"; };
		CC73EC352FA1F36F00C65813 /* (lispkit enum).md */ = {isa = PBXFileReference; lastKnownFileType = net.daringfireball.markdown; path = "(lispkit enum).md"; sourceTree = "<group>"; };
		CC73EC362FA1F36F00C65813 /* (lispkit format).md */ = {isa = PBXFileReference; lastKnownFileType = net.daringfireball.markdown; path = "(lispkit format).md"; sourceTree = "<group>"; };
		CC73EC372FA1F36F00C65813 /* (lispkit graph).md */ = {isa = PBXFileReference; lastKnownFileType = net.daringfireball.markdown; path = "(lispkit graph).md"; sourceTree = "<group>"; };
		CC73EC382FA1F36F00C65813 /* (lispkit gvector).md */ = {isa = PBXFileReference; lastKnownFileType = net.daringfireball.markdown; path = "(lispkit gvector).md"; sourceTree = "<group>"; };
		CC73EC392FA1F36F00C65813 /* (lispkit hashtable).md */ = {isa = PBXFileReference; lastKnownFileType = net.daringfireball.markdown; path = "(lispkit hashtable).md"; sourceTree = "<group>"; };
		CC73EC3A2FA1F36F00C65813 /* (lispkit heap).md */ = {isa = PBXFileReference; lastKnownFileType = net.daringfireball.markdown; path = "(lispkit heap).md"; sourceTree = "<group>"; };
		CC73EC3B2FA1F36F00C65813 /* (lispkit http oauth).md */ = {isa = PBXFileReference; lastKnownFileType = net.daringfireball.markdown; path = "(lispkit http oauth).md"; sourceTree = "<group>"; };
		CC73EC3C2FA1F36F00C65813 /* (lispkit http server).md */ = {isa = PBXFileReference; lastKnownFileType = net.daringfireball.markdown; path = "(lispkit http server).md"; sourceTree = "<group>"; };
		CC73EC3D2FA1F36F00C65813 /* (lispkit http).md */ = {isa = PBXFileReference; lastKnownFileType = net.daringfireball.markdown; path = "(lispkit http).md"; sourceTree = "<group>"; };
		CC73EC3E2FA1F36F00C65813 /* (lispkit image process).md */ = {isa = PBXFileReference; lastKnownFileType = net.daringfireball.markdown; path = "(lispkit image process).md"; sourceTree = "<group>"; };
		CC73EC3F2FA1F36F00C65813 /* (lispkit image).md */ = {isa = PBXFileReference; lastKnownFileType = net.daringfireball.markdown; path = "(lispkit image).md"; sourceTree = "<group>"; };
		CC73EC402FA1F36F00C65813 /* (lispkit iterate).md */ = {isa = PBXFileReference; lastKnownFileType = net.daringfireball.markdown; path = "(lispkit iterate).md"; sourceTree = "<group>"; };
		CC73EC412FA1F36F00C65813 /* (lispkit json schema).md */ = {isa = PBXFileReference; lastKnownFileType = net.daringfireball.markdown; path = "(lispkit json schema).md"; sourceTree = "<group>"; };
		CC73EC422FA1F36F00C65813 /* (lispkit json).md */ = {isa = PBXFileReference; lastKnownFileType = net.daringfireball.markdown; path = "(lispkit json).md"; sourceTree = "<group>"; };
		CC73EC432FA1F36F00C65813 /* (lispkit list set).md */ = {isa = PBXFileReference; lastKnownFileType = net.daringfireball.markdown; path = "(lispkit list set).md"; sourceTree = "<group>"; };
		CC73EC442FA1F36F00C65813 /* (lispkit list).md */ = {isa = PBXFileReference; lastKnownFileType = net.daringfireball.markdown; path = "(lispkit list).md"; sourceTree = "<group>"; };
		CC73EC452FA1F36F00C65813 /* (lispkit location).md */ = {isa = PBXFileReference; lastKnownFileType = net.daringfireball.markdown; path = "(lispkit location).md"; sourceTree = "<group>"; };
		CC73EC462FA1F36F00C65813 /* (lispkit log).md */ = {isa = PBXFileReference; lastKnownFileType = net.daringfireball.markdown; path = "(lispkit log).md"; sourceTree = "<group>"; };
		CC73EC472FA1F36F00C65813 /* (lispkit markdown).md */ = {isa = PBXFileReference; lastKnownFileType = net.daringfireball.markdown; path = "(lispkit markdown).md"; sourceTree = "<group>"; };
		CC73EC482FA1F36F00C65813 /* (lispkit match).md */ = {isa = PBXFileReference; lastKnownFileType = net.daringfireball.markdown; path = "(lispkit match).md"; sourceTree = "<group>"; };
		CC73EC492FA1F36F00C65813 /* (lispkit math matrix).md */ = {isa = PBXFileReference; lastKnownFileType = net.daringfireball.markdown; path = "(lispkit math matrix).md"; sourceTree = "<group>"; };
		CC73EC4A2FA1F36F00C65813 /* (lispkit math stats).md */ = {isa = PBXFileReference; lastKnownFileType = net.daringfireball.markdown; path = "(lispkit math stats).md"; sourceTree = "<group>"; };
		CC73EC4B2FA1F36F00C65813 /* (lispkit math util).md */ = {isa = PBXFileReference; lastKnownFileType = net.daringfireball.markdown; path = "(lispkit math util).md"; sourceTree = "<group>"; };
		CC73EC4C2FA1F36F00C65813 /* (lispkit math).md */ = {isa = PBXFileReference; lastKnownFileType = net.daringfireball.markdown; path = "(lispkit math).md"; sourceTree = "<group>"; };
		CC73EC4D2FA1F36F00C65813 /* (lispkit object).md */ = {isa = PBXFileReference; lastKnownFileType = net.daringfireball.markdown; path = "(lispkit object).md"; sourceTree = "<group>"; };
		CC73EC4E2FA1F36F00C65813 /* (lispkit pdf).md */ = {isa = PBXFileReference; lastKnownFileType = net.daringfireball.markdown; path = "(lispkit pdf).md"; sourceTree = "<group>"; };
		CC73EC4F2FA1F36F00C65813 /* (lispkit port).md */ = {isa = PBXFileReference; lastKnownFileType = net.daringfireball.markdown; path = "(lispkit port).md"; sourceTree = "<group>"; };
		CC73EC502FA1F36F00C65813 /* (lispkit prolog).md */ = {isa = PBXFileReference; lastKnownFileType = net.daringfireball.markdown; path = "(lispkit prolog).md"; sourceTree = "<group>"; };
		CC73EC512FA1F36F00C65813 /* (lispkit queue).md */ = {isa = PBXFileReference; lastKnownFileType = net.daringfireball.markdown; path = "(lispkit queue).md"; sourceTree = "<group>"; };
		CC73EC522FA1F36F00C65813 /* (lispkit record).md */ = {isa = PBXFileReference; lastKnownFileType = net.daringfireball.markdown; path = "(lispkit record).md"; sourceTree = "<group>"; };
		CC73EC532FA1F36F00C65813 /* (lispkit regexp).md */ = {isa = PBXFileReference; lastKnownFileType = net.daringfireball.markdown; path = "(lispkit regexp).md"; sourceTree = "<group>"; };
		CC73EC542FA1F36F00C65813 /* (lispkit serialize).md */ = {isa = PBXFileReference; lastKnownFileType = net.daringfireball.markdown; path = "(lispkit serialize).md"; sourceTree = "<group>"; };
		CC73EC552FA1F36F00C65813 /* (lispkit set).md */ = {isa = PBXFileReference; lastKnownFileType = net.daringfireball.markdown; path = "(lispkit set).md"; sourceTree = "<group>"; };
		CC73EC562FA1F36F00C65813 /* (lispkit sqlite).md */ = {isa = PBXFileReference; lastKnownFileType = net.daringfireball.markdown; path = "(lispkit sqlite).md"; sourceTree = "<group>"; };
		CC73EC572FA1F36F00C65813 /* (lispkit stack).md */ = {isa = PBXFileReference; lastKnownFileType = net.daringfireball.markdown; path = "(lispkit stack).md"; sourceTree = "<group>"; };
		CC73EC582FA1F36F00C65813 /* (lispkit stream).md */ = {isa = PBXFileReference; lastKnownFileType = net.daringfireball.markdown; path = "(lispkit stream).md"; sourceTree = "<group>"; };
		CC73EC592FA1F36F00C65813 /* (lispkit string).md */ = {isa = PBXFileReference; lastKnownFileType = net.daringfireball.markdown; path = "(lispkit string).md"; sourceTree = "<group>"; };
		CC73EC5A2FA1F36F00C65813 /* (lispkit styled-text).md */ = {isa = PBXFileReference; lastKnownFileType = net.daringfireball.markdown; path = "(lispkit styled-text).md"; sourceTree = "<group>"; };
		CC73EC5B2FA1F36F00C65813 /* (lispkit system call).md */ = {isa = PBXFileReference; lastKnownFileType = net.daringfireball.markdown; path = "(lispkit system call).md"; sourceTree = "<group>"; };
		CC73EC5C2FA1F36F00C65813 /* (lispkit system keychain).md */ = {isa = PBXFileReference; lastKnownFileType = net.daringfireball.markdown; path = "(lispkit system keychain).md"; sourceTree = "<group>"; };
		CC73EC5D2FA1F36F00C65813 /* (lispkit system pasteboard).md */ = {isa = PBXFileReference; lastKnownFileType = net.daringfireball.markdown; path = "(lispkit system pasteboard).md"; sourceTree = "<group>"; };
		CC73EC5E2FA1F36F00C65813 /* (lispkit system).md */ = {isa = PBXFileReference; lastKnownFileType = net.daringfireball.markdown; path = "(lispkit system).md"; sourceTree = "<group>"; };
		CC73EC5F2FA1F36F00C65813 /* (lispkit test).md */ = {isa = PBXFileReference; lastKnownFileType = net.daringfireball.markdown; path = "(lispkit test).md"; sourceTree = "<group>"; };
		CC73EC602FA1F36F00C65813 /* (lispkit text-table).md */ = {isa = PBXFileReference; lastKnownFileType = net.daringfireball.markdown; path = "(lispkit text-table).md"; sourceTree = "<group>"; };
		CC73EC612FA1F36F00C65813 /* (lispkit thread channel).md */ = {isa = PBXFileReference; lastKnownFileType = net.daringfireball.markdown; path = "(lispkit thread channel).md"; sourceTree = "<group>"; };
		CC73EC622FA1F36F00C65813 /* (lispkit thread future).md */ = {isa = PBXFileReference; lastKnownFileType = net.daringfireball.markdown; path = "(lispkit thread future).md"; sourceTree = "<group>"; };
		CC73EC632FA1F36F00C65813 /* (lispkit thread shared-queue).md */ = {isa = PBXFileReference; lastKnownFileType = net.daringfireball.markdown; path = "(lispkit thread shared-queue).md"; sourceTree = "<group>"; };
		CC73EC642FA1F36F00C65813 /* (lispkit thread).md */ = {isa = PBXFileReference; lastKnownFileType = net.daringfireball.markdown; path = "(lispkit thread).md"; sourceTree = "<group>"; };
		CC73EC652FA1F36F00C65813 /* (lispkit type).md */ = {isa = PBXFileReference; lastKnownFileType = net.daringfireball.markdown; path = "(lispkit type).md"; sourceTree = "<group>"; };
		CC73EC662FA1F36F00C65813 /* (lispkit url).md */ = {isa = PBXFileReference; lastKnownFileType = net.daringfireball.markdown; path = "(lispkit url).md"; sourceTree = "<group>"; };
		CC73EC672FA1F36F00C65813 /* (lispkit vector).md */ = {isa = PBXFileReference; lastKnownFileType = net.daringfireball.markdown; path = "(lispkit vector).md"; sourceTree = "<group>"; };
		CC73EC682FA1F36F00C65813 /* (lispkit vision).md */ = {isa = PBXFileReference; lastKnownFileType = net.daringfireball.markdown; path = "(lispkit vision).md"; sourceTree = "<group>"; };
		CC7CCAEC2FA2AD5E00C05C77 /* CLIPresenter.swift */ = {isa = PBXFileReference; lastKnownFileType = sourcecode.swift; path = CLIPresenter.swift; sourceTree = "<group>"; };
		CC7CCAED2FA2AD5E00C05C77 /* KeychainManager.swift */ = {isa = PBXFileReference; lastKnownFileType = sourcecode.swift; path = KeychainManager.swift; sourceTree = "<group>"; };
		CC7CCAEE2FA2AD5E00C05C77 /* main.swift */ = {isa = PBXFileReference; lastKnownFileType = sourcecode.swift; path = main.swift; sourceTree = "<group>"; };
		CC7CCAF32FA2ADA200C05C77 /* AnthropicClient.swift */ = {isa = PBXFileReference; lastKnownFileType = sourcecode.swift; path = AnthropicClient.swift; sourceTree = "<group>"; };
		CC7CCAF42FA2ADA200C05C77 /* StreamParser.swift */ = {isa = PBXFileReference; lastKnownFileType = sourcecode.swift; path = StreamParser.swift; sourceTree = "<group>"; };
		CC7CCAF62FA2ADA200C05C77 /* AssistantDelegate.swift */ = {isa = PBXFileReference; lastKnownFileType = sourcecode.swift; path = AssistantDelegate.swift; sourceTree = "<group>"; };
		CC7CCAF72FA2ADA200C05C77 /* AssistantEngine.swift */ = {isa = PBXFileReference; lastKnownFileType = sourcecode.swift; path = AssistantEngine.swift; sourceTree = "<group>"; };
		CC7CCAF82FA2ADA200C05C77 /* ConversationSession.swift */ = {isa = PBXFileReference; lastKnownFileType = sourcecode.swift; path = ConversationSession.swift; sourceTree = "<group>"; };
		CC7CCAFA2FA2ADA200C05C77 /* APIModels.swift */ = {isa = PBXFileReference; lastKnownFileType = sourcecode.swift; path = APIModels.swift; sourceTree = "<group>"; };
		CC7CCAFB2FA2ADA200C05C77 /* Message.swift */ = {isa = PBXFileReference; lastKnownFileType = sourcecode.swift; path = Message.swift; sourceTree = "<group>"; };
		CC7CCAFD2FA2ADA200C05C77 /* SystemPromptBuilder.swift */ = {isa = PBXFileReference; lastKnownFileType = sourcecode.swift; path = SystemPromptBuilder.swift; sourceTree = "<group>"; };
		CC7CCAFF2FA2ADA200C05C77 /* AssistantTool.swift */ = {isa = PBXFileReference; lastKnownFileType = sourcecode.swift; path = AssistantTool.swift; sourceTree = "<group>"; };
		CC7CCB002FA2ADA200C05C77 /* DocumentationTool.swift */ = {isa = PBXFileReference; lastKnownFileType = sourcecode.swift; path = DocumentationTool.swift; sourceTree = "<group>"; };
		CC7CCB012FA2ADA200C05C77 /* ToolRegistry.swift */ = {isa = PBXFileReference; lastKnownFileType = sourcecode.swift; path = ToolRegistry.swift; sourceTree = "<group>"; };
		CC7CCB0F2FA2ADD000C05C77 /* LispKitAssistTests.swift */ = {isa = PBXFileReference; lastKnownFileType = sourcecode.swift; path = LispKitAssistTests.swift; sourceTree = "<group>"; };
		CC7CCB122FA2AE1400C05C77 /* avl-tree.scm */ = {isa = PBXFileReference; lastKnownFileType = text; path = "avl-tree.scm"; sourceTree = "<group>"; };
		CC7CCB162FA2AE1400C05C77 /* patmatch.sld */ = {isa = PBXFileReference; lastKnownFileType = text; path = patmatch.sld; sourceTree = "<group>"; };
		CC7CCB172FA2AE1400C05C77 /* simplifier.sld */ = {isa = PBXFileReference; lastKnownFileType = text; path = simplifier.sld; sourceTree = "<group>"; };
		CC7CCB182FA2AE1400C05C77 /* util.sld */ = {isa = PBXFileReference; lastKnownFileType = text; path = util.sld; sourceTree = "<group>"; };
		CC7CCB1A2FA2AE1400C05C77 /* Blockchain.scm */ = {isa = PBXFileReference; lastKnownFileType = text; path = Blockchain.scm; sourceTree = "<group>"; };
		CC7CCB1B2FA2AE1400C05C77 /* Channels.scm */ = {isa = PBXFileReference; lastKnownFileType = text; path = Channels.scm; sourceTree = "<group>"; };
		CC7CCB1C2FA2AE1400C05C77 /* Compiler.scm */ = {isa = PBXFileReference; lastKnownFileType = text; path = Compiler.scm; sourceTree = "<group>"; };
		CC7CCB1D2FA2AE1400C05C77 /* Coroutines.scm */ = {isa = PBXFileReference; lastKnownFileType = text; path = Coroutines.scm; sourceTree = "<group>"; };
		CC7CCB1E2FA2AE1400C05C77 /* Covid.scm */ = {isa = PBXFileReference; lastKnownFileType = text; path = Covid.scm; sourceTree = "<group>"; };
		CC7CCB1F2FA2AE1400C05C77 /* DrawBarCharts.scm */ = {isa = PBXFileReference; lastKnownFileType = text; path = DrawBarCharts.scm; sourceTree = "<group>"; };
		CC7CCB202FA2AE1400C05C77 /* DrawMaps.scm */ = {isa = PBXFileReference; lastKnownFileType = text; path = DrawMaps.scm; sourceTree = "<group>"; };
		CC7CCB212FA2AE1400C05C77 /* DrawTrees.scm */ = {isa = PBXFileReference; lastKnownFileType = text; path = DrawTrees.scm; sourceTree = "<group>"; };
		CC7CCB222FA2AE1400C05C77 /* EditDistance.scm */ = {isa = PBXFileReference; lastKnownFileType = text; path = EditDistance.scm; sourceTree = "<group>"; };
		CC7CCB232FA2AE1400C05C77 /* EUStats.scm */ = {isa = PBXFileReference; lastKnownFileType = text; path = EUStats.scm; sourceTree = "<group>"; };
		CC7CCB242FA2AE1400C05C77 /* HTTP.scm */ = {isa = PBXFileReference; lastKnownFileType = text; path = HTTP.scm; sourceTree = "<group>"; };
		CC7CCB252FA2AE1400C05C77 /* ImageComposition.scm */ = {isa = PBXFileReference; lastKnownFileType = text; path = ImageComposition.scm; sourceTree = "<group>"; };
		CC7CCB262FA2AE1400C05C77 /* JSON.scm */ = {isa = PBXFileReference; lastKnownFileType = text; path = JSON.scm; sourceTree = "<group>"; };
		CC7CCB272FA2AE1400C05C77 /* Keychain.scm */ = {isa = PBXFileReference; lastKnownFileType = text; path = Keychain.scm; sourceTree = "<group>"; };
		CC7CCB282FA2AE1400C05C77 /* Math.scm */ = {isa = PBXFileReference; lastKnownFileType = text; path = Math.scm; sourceTree = "<group>"; };
		CC7CCB292FA2AE1400C05C77 /* Maze.scm */ = {isa = PBXFileReference; lastKnownFileType = text; path = Maze.scm; sourceTree = "<group>"; };
		CC7CCB2A2FA2AE1400C05C77 /* MermaidDiagrams.scm */ = {isa = PBXFileReference; lastKnownFileType = text; path = MermaidDiagrams.scm; sourceTree = "<group>"; };
		CC7CCB2B2FA2AE1400C05C77 /* ObjectOrientation.scm */ = {isa = PBXFileReference; lastKnownFileType = text; path = ObjectOrientation.scm; sourceTree = "<group>"; };
		CC7CCB2C2FA2AE1400C05C77 /* OCR.scm */ = {isa = PBXFileReference; lastKnownFileType = text; path = OCR.scm; sourceTree = "<group>"; };
		CC7CCB2D2FA2AE1400C05C77 /* PDF.scm */ = {isa = PBXFileReference; lastKnownFileType = text; path = PDF.scm; sourceTree = "<group>"; };
		CC7CCB2E2FA2AE1400C05C77 /* Pi.scm */ = {isa = PBXFileReference; lastKnownFileType = text; path = Pi.scm; sourceTree = "<group>"; };
		CC7CCB2F2FA2AE1400C05C77 /* Pinterest.scm */ = {isa = PBXFileReference; lastKnownFileType = text; path = Pinterest.scm; sourceTree = "<group>"; };
		CC7CCB302FA2AE1400C05C77 /* Plot.scm */ = {isa = PBXFileReference; lastKnownFileType = text; path = Plot.scm; sourceTree = "<group>"; };
		CC7CCB312FA2AE1400C05C77 /* Polynomials.scm */ = {isa = PBXFileReference; lastKnownFileType = text; path = Polynomials.scm; sourceTree = "<group>"; };
		CC7CCB322FA2AE1400C05C77 /* Prolog.scm */ = {isa = PBXFileReference; lastKnownFileType = text; path = Prolog.scm; sourceTree = "<group>"; };
		CC7CCB332FA2AE1400C05C77 /* Queens.scm */ = {isa = PBXFileReference; lastKnownFileType = text; path = Queens.scm; sourceTree = "<group>"; };
		CC7CCB342FA2AE1400C05C77 /* Schelog.scm */ = {isa = PBXFileReference; lastKnownFileType = text; path = Schelog.scm; sourceTree = "<group>"; };
		CC7CCB352FA2AE1400C05C77 /* Simplifier.scm */ = {isa = PBXFileReference; lastKnownFileType = text; path = Simplifier.scm; sourceTree = "<group>"; };
		CC7CCB362FA2AE1400C05C77 /* SpellNumbers.scm */ = {isa = PBXFileReference; lastKnownFileType = text; path = SpellNumbers.scm; sourceTree = "<group>"; };
		CC7CCB372FA2AE1400C05C77 /* Streams.scm */ = {isa = PBXFileReference; lastKnownFileType = text; path = Streams.scm; sourceTree = "<group>"; };
		CC7CCB382FA2AE1400C05C77 /* StyledTextDoc.scm */ = {isa = PBXFileReference; lastKnownFileType = text; path = StyledTextDoc.scm; sourceTree = "<group>"; };
		CC7CCB392FA2AE1400C05C77 /* Sudoku.scm */ = {isa = PBXFileReference; lastKnownFileType = text; path = Sudoku.scm; sourceTree = "<group>"; };
		CC7CCB3A2FA2AE1400C05C77 /* Topological.scm */ = {isa = PBXFileReference; lastKnownFileType = text; path = Topological.scm; sourceTree = "<group>"; };
		CC7CCB3B2FA2AE1400C05C77 /* Turtle.scm */ = {isa = PBXFileReference; lastKnownFileType = text; path = Turtle.scm; sourceTree = "<group>"; };
		CC7CCB3C2FA2AE1400C05C77 /* VisualizePointSets.scm */ = {isa = PBXFileReference; lastKnownFileType = text; path = VisualizePointSets.scm; sourceTree = "<group>"; };
		CC7CCB3D2FA2AE1400C05C77 /* WebAPIs.scm */ = {isa = PBXFileReference; lastKnownFileType = text; path = WebAPIs.scm; sourceTree = "<group>"; };
		CC7CCB3E2FA2AE1400C05C77 /* Webserver.scm */ = {isa = PBXFileReference; lastKnownFileType = text; path = Webserver.scm; sourceTree = "<group>"; };
		CC7CCB402FA2AE1400C05C77 /* All.scm */ = {isa = PBXFileReference; lastKnownFileType = text; path = All.scm; sourceTree = "<group>"; };
		CC7CCB412FA2AE1400C05C77 /* Import.scm */ = {isa = PBXFileReference; lastKnownFileType = text; path = Import.scm; sourceTree = "<group>"; };
		CC7CCB422FA2AE1400C05C77 /* LispKit-Channel.scm */ = {isa = PBXFileReference; lastKnownFileType = text; path = "LispKit-Channel.scm"; sourceTree = "<group>"; };
		CC7CCB432FA2AE1400C05C77 /* LispKit-Control.scm */ = {isa = PBXFileReference; lastKnownFileType = text; path = "LispKit-Control.scm"; sourceTree = "<group>"; };
		CC7CCB442FA2AE1400C05C77 /* LispKit-Enum.scm */ = {isa = PBXFileReference; lastKnownFileType = text; path = "LispKit-Enum.scm"; sourceTree = "<group>"; };
		CC7CCB452FA2AE1400C05C77 /* LispKit-JSON-Schema.scm */ = {isa = PBXFileReference; lastKnownFileType = text; path = "LispKit-JSON-Schema.scm"; sourceTree = "<group>"; };
		CC7CCB462FA2AE1400C05C77 /* LispKit-List-Set.scm */ = {isa = PBXFileReference; lastKnownFileType = text; path = "LispKit-List-Set.scm"; sourceTree = "<group>"; };
		CC7CCB472FA2AE1400C05C77 /* LispKit-Match.scm */ = {isa = PBXFileReference; lastKnownFileType = text; path = "LispKit-Match.scm"; sourceTree = "<group>"; };
		CC7CCB482FA2AE1400C05C77 /* LispKit-Record.scm */ = {isa = PBXFileReference; lastKnownFileType = text; path = "LispKit-Record.scm"; sourceTree = "<group>"; };
		CC7CCB492FA2AE1400C05C77 /* LispKit-Shared-Queue.scm */ = {isa = PBXFileReference; lastKnownFileType = text; path = "LispKit-Shared-Queue.scm"; sourceTree = "<group>"; };
		CC7CCB4A2FA2AE1400C05C77 /* LispKit-WT-Tree.scm */ = {isa = PBXFileReference; lastKnownFileType = text; path = "LispKit-WT-Tree.scm"; sourceTree = "<group>"; };
		CC7CCB4B2FA2AE1400C05C77 /* R7RS.scm */ = {isa = PBXFileReference; lastKnownFileType = text; path = R7RS.scm; sourceTree = "<group>"; };
		CC7CCB4C2FA2AE1400C05C77 /* SRFI-14.scm */ = {isa = PBXFileReference; lastKnownFileType = text; path = "SRFI-14.scm"; sourceTree = "<group>"; };
		CC7CCB4D2FA2AE1400C05C77 /* SRFI-18.scm */ = {isa = PBXFileReference; lastKnownFileType = text; path = "SRFI-18.scm"; sourceTree = "<group>"; };
		CC7CCB4E2FA2AE1400C05C77 /* SRFI-101.scm */ = {isa = PBXFileReference; lastKnownFileType = text; path = "SRFI-101.scm"; sourceTree = "<group>"; };
		CC7CCB4F2FA2AE1400C05C77 /* SRFI-125.scm */ = {isa = PBXFileReference; lastKnownFileType = text; path = "SRFI-125.scm"; sourceTree = "<group>"; };
		CC7CCB502FA2AE1400C05C77 /* SRFI-128.scm */ = {isa = PBXFileReference; lastKnownFileType = text; path = "SRFI-128.scm"; sourceTree = "<group>"; };
		CC7CCB512FA2AE1400C05C77 /* SRFI-143.scm */ = {isa = PBXFileReference; lastKnownFileType = text; path = "SRFI-143.scm"; sourceTree = "<group>"; };
		CC7CCB522FA2AE1400C05C77 /* SRFI-144.scm */ = {isa = PBXFileReference; lastKnownFileType = text; path = "SRFI-144.scm"; sourceTree = "<group>"; };
		CC7CCB532FA2AE1400C05C77 /* SRFI-146.scm */ = {isa = PBXFileReference; lastKnownFileType = text; path = "SRFI-146.scm"; sourceTree = "<group>"; };
		CC7CCB542FA2AE1400C05C77 /* SRFI-154.scm */ = {isa = PBXFileReference; lastKnownFileType = text; path = "SRFI-154.scm"; sourceTree = "<group>"; };
		CC7CCB552FA2AE1400C05C77 /* SRFI-155.scm */ = {isa = PBXFileReference; lastKnownFileType = text; path = "SRFI-155.scm"; sourceTree = "<group>"; };
		CC7CCB562FA2AE1400C05C77 /* SRFI-165.scm */ = {isa = PBXFileReference; lastKnownFileType = text; path = "SRFI-165.scm"; sourceTree = "<group>"; };
		CC7CCB572FA2AE1400C05C77 /* SRFI-166.scm */ = {isa = PBXFileReference; lastKnownFileType = text; path = "SRFI-166.scm"; sourceTree = "<group>"; };
		CC7CCB582FA2AE1400C05C77 /* SRFI-167.scm */ = {isa = PBXFileReference; lastKnownFileType = text; path = "SRFI-167.scm"; sourceTree = "<group>"; };
		CC7CCB592FA2AE1400C05C77 /* SRFI-173.scm */ = {isa = PBXFileReference; lastKnownFileType = text; path = "SRFI-173.scm"; sourceTree = "<group>"; };
		CC7CCB5A2FA2AE1400C05C77 /* SRFI-174.scm */ = {isa = PBXFileReference; lastKnownFileType = text; path = "SRFI-174.scm"; sourceTree = "<group>"; };
		CC7CCB5B2FA2AE1400C05C77 /* SRFI-175.scm */ = {isa = PBXFileReference; lastKnownFileType = text; path = "SRFI-175.scm"; sourceTree = "<group>"; };
		CC7CCB5C2FA2AE1400C05C77 /* SRFI-189.scm */ = {isa = PBXFileReference; lastKnownFileType = text; path = "SRFI-189.scm"; sourceTree = "<group>"; };
		CC7CCB5D2FA2AE1400C05C77 /* SRFI-194.scm */ = {isa = PBXFileReference; lastKnownFileType = text; path = "SRFI-194.scm"; sourceTree = "<group>"; };
		CC7CCB5E2FA2AE1400C05C77 /* SRFI-196.scm */ = {isa = PBXFileReference; lastKnownFileType = text; path = "SRFI-196.scm"; sourceTree = "<group>"; };
		CC7CCB5F2FA2AE1400C05C77 /* SRFI-204.scm */ = {isa = PBXFileReference; lastKnownFileType = text; path = "SRFI-204.scm"; sourceTree = "<group>"; };
		CC7CCB602FA2AE1400C05C77 /* SRFI-209.scm */ = {isa = PBXFileReference; lastKnownFileType = text; path = "SRFI-209.scm"; sourceTree = "<group>"; };
		CC7CCB612FA2AE1400C05C77 /* SRFI-210.scm */ = {isa = PBXFileReference; lastKnownFileType = text; path = "SRFI-210.scm"; sourceTree = "<group>"; };
		CC7CCB622FA2AE1400C05C77 /* SRFI-214.scm */ = {isa = PBXFileReference; lastKnownFileType = text; path = "SRFI-214.scm"; sourceTree = "<group>"; };
		CC7CCB632FA2AE1400C05C77 /* SRFI-217.scm */ = {isa = PBXFileReference; lastKnownFileType = text; path = "SRFI-217.scm"; sourceTree = "<group>"; };
		CC7CCB642FA2AE1400C05C77 /* SRFI-219.scm */ = {isa = PBXFileReference; lastKnownFileType = text; path = "SRFI-219.scm"; sourceTree = "<group>"; };
		CC7CCB652FA2AE1400C05C77 /* SRFI-221.scm */ = {isa = PBXFileReference; lastKnownFileType = text; path = "SRFI-221.scm"; sourceTree = "<group>"; };
		CC7CCB662FA2AE1400C05C77 /* SRFI-222.scm */ = {isa = PBXFileReference; lastKnownFileType = text; path = "SRFI-222.scm"; sourceTree = "<group>"; };
		CC7CCB672FA2AE1400C05C77 /* SRFI-223.scm */ = {isa = PBXFileReference; lastKnownFileType = text; path = "SRFI-223.scm"; sourceTree = "<group>"; };
		CC7CCB682FA2AE1400C05C77 /* SRFI-224.scm */ = {isa = PBXFileReference; lastKnownFileType = text; path = "SRFI-224.scm"; sourceTree = "<group>"; };
		CC7CCB692FA2AE1400C05C77 /* SRFI-227.scm */ = {isa = PBXFileReference; lastKnownFileType = text; path = "SRFI-227.scm"; sourceTree = "<group>"; };
		CC7CCB6A2FA2AE1400C05C77 /* SRFI-228.scm */ = {isa = PBXFileReference; lastKnownFileType = text; path = "SRFI-228.scm"; sourceTree = "<group>"; };
		CC7CCB6B2FA2AE1400C05C77 /* SRFI-229.scm */ = {isa = PBXFileReference; lastKnownFileType = text; path = "SRFI-229.scm"; sourceTree = "<group>"; };
		CC7CCB6C2FA2AE1400C05C77 /* SRFI-232.scm */ = {isa = PBXFileReference; lastKnownFileType = text; path = "SRFI-232.scm"; sourceTree = "<group>"; };
		CC7CCB6D2FA2AE1400C05C77 /* SRFI-233.scm */ = {isa = PBXFileReference; lastKnownFileType = text; path = "SRFI-233.scm"; sourceTree = "<group>"; };
		CC7CCB6E2FA2AE1400C05C77 /* SRFI-235.scm */ = {isa = PBXFileReference; lastKnownFileType = text; path = "SRFI-235.scm"; sourceTree = "<group>"; };
		CC7CCB6F2FA2AE1400C05C77 /* SRFI-258.scm */ = {isa = PBXFileReference; lastKnownFileType = text; path = "SRFI-258.scm"; sourceTree = "<group>"; };
		CC7CCB722FA2BBC100C05C77 /* CLAUDE.md */ = {isa = PBXFileReference; lastKnownFileType = net.daringfireball.markdown; path = CLAUDE.md; sourceTree = "<group>"; };
		CC7CCB732FA2BBD800C05C77 /* README.md */ = {isa = PBXFileReference; lastKnownFileType = net.daringfireball.markdown; path = README.md; sourceTree = "<group>"; };
		CC80AA0D2FA0B91400859B31 /* LispKitAssist.framework */ = {isa = PBXFileReference; explicitFileType = wrapper.framework; includeInIndex = 0; path = LispKitAssist.framework; sourceTree = BUILT_PRODUCTS_DIR; };
		CC80AA182FA0B91400859B31 /* LispKitAssistTests.xctest */ = {isa = PBXFileReference; explicitFileType = wrapper.cfbundle; includeInIndex = 0; path = LispKitAssistTests.xctest; sourceTree = BUILT_PRODUCTS_DIR; };
/* End PBXFileReference section */

/* Begin PBXFrameworksBuildPhase section */
		CC73EBF92FA10C1700C65813 /* Frameworks */ = {
			isa = PBXFrameworksBuildPhase;
			buildActionMask = 2147483647;
			files = (
				CC73EC082FA10E3800C65813 /* LispKitAssist.framework in Frameworks */,
				CC73EC142FA1133800C65813 /* CommandLineKit in Frameworks */,
			);
			runOnlyForDeploymentPostprocessing = 0;
		};
		CC80AA0A2FA0B91400859B31 /* Frameworks */ = {
			isa = PBXFrameworksBuildPhase;
			buildActionMask = 2147483647;
			files = (
				CC73EC112FA1115200C65813 /* Security.framework in Frameworks */,
				CC73EBF12FA0FFF700C65813 /* DynamicJSON in Frameworks */,
			);
			runOnlyForDeploymentPostprocessing = 0;
		};
		CC80AA152FA0B91400859B31 /* Frameworks */ = {
			isa = PBXFrameworksBuildPhase;
			buildActionMask = 2147483647;
			files = (
				CC80AA192FA0B91400859B31 /* LispKitAssist.framework in Frameworks */,
			);
			runOnlyForDeploymentPostprocessing = 0;
		};
/* End PBXFrameworksBuildPhase section */

/* Begin PBXGroup section */
		CC73EC072FA10E3800C65813 /* Frameworks */ = {
			isa = PBXGroup;
			children = (
				CC73EC102FA1115200C65813 /* Security.framework */,
				CC73EC0E2FA110F900C65813 /* Security.framework */,
			);
			name = Frameworks;
			sourceTree = "<group>";
		};
		CC73EC692FA1F36F00C65813 /* Documentation */ = {
			isa = PBXGroup;
			children = (
				CC73EC1C2FA1F36F00C65813 /* (lispkit archive tar).md */,
				CC73EC1D2FA1F36F00C65813 /* (lispkit archive zip).md */,
				CC73EC1E2FA1F36F00C65813 /* (lispkit base).md */,
				CC73EC1F2FA1F36F00C65813 /* (lispkit bitset).md */,
				CC73EC202FA1F36F00C65813 /* (lispkit box).md */,
				CC73EC212FA1F36F00C65813 /* (lispkit bytevector).md */,
				CC73EC222FA1F36F00C65813 /* (lispkit char-set).md */,
				CC73EC232FA1F36F00C65813 /* (lispkit char).md */,
				CC73EC242FA1F36F00C65813 /* (lispkit combinator).md */,
				CC73EC252FA1F36F00C65813 /* (lispkit comparator).md */,
				CC73EC262FA1F36F00C65813 /* (lispkit control).md */,
				CC73EC272FA1F36F00C65813 /* (lispkit core).md */,
				CC73EC282FA1F36F00C65813 /* (lispkit crypto).md */,
				CC73EC292FA1F36F00C65813 /* (lispkit csv).md */,
				CC73EC2A2FA1F36F00C65813 /* (lispkit datatype).md */,
				CC73EC2B2FA1F36F00C65813 /* (lispkit date-time).md */,
				CC73EC2C2FA1F36F00C65813 /* (lispkit debug).md */,
				CC73EC2D2FA1F36F00C65813 /* (lispkit disjoint-set).md */,
				CC73EC2E2FA1F36F00C65813 /* (lispkit draw barcode).md */,
				CC73EC2F2FA1F36F00C65813 /* (lispkit draw chart bar).md */,
				CC73EC302FA1F36F00C65813 /* (lispkit draw map).md */,
				CC73EC312FA1F36F00C65813 /* (lispkit draw turtle).md */,
				CC73EC322FA1F36F00C65813 /* (lispkit draw web).md */,
				CC73EC332FA1F36F00C65813 /* (lispkit draw).md */,
				CC73EC342FA1F36F00C65813 /* (lispkit dynamic).md */,
				CC73EC352FA1F36F00C65813 /* (lispkit enum).md */,
				CC73EC362FA1F36F00C65813 /* (lispkit format).md */,
				CC73EC372FA1F36F00C65813 /* (lispkit graph).md */,
				CC73EC382FA1F36F00C65813 /* (lispkit gvector).md */,
				CC73EC392FA1F36F00C65813 /* (lispkit hashtable).md */,
				CC73EC3A2FA1F36F00C65813 /* (lispkit heap).md */,
				CC73EC3B2FA1F36F00C65813 /* (lispkit http oauth).md */,
				CC73EC3C2FA1F36F00C65813 /* (lispkit http server).md */,
				CC73EC3D2FA1F36F00C65813 /* (lispkit http).md */,
				CC73EC3E2FA1F36F00C65813 /* (lispkit image process).md */,
				CC73EC3F2FA1F36F00C65813 /* (lispkit image).md */,
				CC73EC402FA1F36F00C65813 /* (lispkit iterate).md */,
				CC73EC412FA1F36F00C65813 /* (lispkit json schema).md */,
				CC73EC422FA1F36F00C65813 /* (lispkit json).md */,
				CC73EC432FA1F36F00C65813 /* (lispkit list set).md */,
				CC73EC442FA1F36F00C65813 /* (lispkit list).md */,
				CC73EC452FA1F36F00C65813 /* (lispkit location).md */,
				CC73EC462FA1F36F00C65813 /* (lispkit log).md */,
				CC73EC472FA1F36F00C65813 /* (lispkit markdown).md */,
				CC73EC482FA1F36F00C65813 /* (lispkit match).md */,
				CC73EC492FA1F36F00C65813 /* (lispkit math matrix).md */,
				CC73EC4A2FA1F36F00C65813 /* (lispkit math stats).md */,
				CC73EC4B2FA1F36F00C65813 /* (lispkit math util).md */,
				CC73EC4C2FA1F36F00C65813 /* (lispkit math).md */,
				CC73EC4D2FA1F36F00C65813 /* (lispkit object).md */,
				CC73EC4E2FA1F36F00C65813 /* (lispkit pdf).md */,
				CC73EC4F2FA1F36F00C65813 /* (lispkit port).md */,
				CC73EC502FA1F36F00C65813 /* (lispkit prolog).md */,
				CC73EC512FA1F36F00C65813 /* (lispkit queue).md */,
				CC73EC522FA1F36F00C65813 /* (lispkit record).md */,
				CC73EC532FA1F36F00C65813 /* (lispkit regexp).md */,
				CC73EC542FA1F36F00C65813 /* (lispkit serialize).md */,
				CC73EC552FA1F36F00C65813 /* (lispkit set).md */,
				CC73EC562FA1F36F00C65813 /* (lispkit sqlite).md */,
				CC73EC572FA1F36F00C65813 /* (lispkit stack).md */,
				CC73EC582FA1F36F00C65813 /* (lispkit stream).md */,
				CC73EC592FA1F36F00C65813 /* (lispkit string).md */,
				CC73EC5A2FA1F36F00C65813 /* (lispkit styled-text).md */,
				CC73EC5B2FA1F36F00C65813 /* (lispkit system call).md */,
				CC73EC5C2FA1F36F00C65813 /* (lispkit system keychain).md */,
				CC73EC5D2FA1F36F00C65813 /* (lispkit system pasteboard).md */,
				CC73EC5E2FA1F36F00C65813 /* (lispkit system).md */,
				CC73EC5F2FA1F36F00C65813 /* (lispkit test).md */,
				CC73EC602FA1F36F00C65813 /* (lispkit text-table).md */,
				CC73EC612FA1F36F00C65813 /* (lispkit thread channel).md */,
				CC73EC622FA1F36F00C65813 /* (lispkit thread future).md */,
				CC73EC632FA1F36F00C65813 /* (lispkit thread shared-queue).md */,
				CC73EC642FA1F36F00C65813 /* (lispkit thread).md */,
				CC73EC652FA1F36F00C65813 /* (lispkit type).md */,
				CC73EC662FA1F36F00C65813 /* (lispkit url).md */,
				CC73EC672FA1F36F00C65813 /* (lispkit vector).md */,
				CC73EC682FA1F36F00C65813 /* (lispkit vision).md */,
			);
			path = Documentation;
			sourceTree = "<group>";
		};
		CC73EC6A2FA1F36F00C65813 /* Resources */ = {
			isa = PBXGroup;
			children = (
				CC7CCB712FA2AE1400C05C77 /* Examples */,
				CC73EC692FA1F36F00C65813 /* Documentation */,
			);
			path = Resources;
			sourceTree = "<group>";
		};
		CC7CCAEF2FA2AD5E00C05C77 /* LispKitCLI */ = {
			isa = PBXGroup;
			children = (
				CC7CCAEE2FA2AD5E00C05C77 /* main.swift */,
				CC7CCAEC2FA2AD5E00C05C77 /* CLIPresenter.swift */,
				CC7CCAED2FA2AD5E00C05C77 /* KeychainManager.swift */,
			);
			name = LispKitCLI;
			path = Sources/LispKitCLI;
			sourceTree = "<group>";
		};
		CC7CCAF52FA2ADA200C05C77 /* API */ = {
			isa = PBXGroup;
			children = (
				CC7CCAF32FA2ADA200C05C77 /* AnthropicClient.swift */,
				CC7CCAF42FA2ADA200C05C77 /* StreamParser.swift */,
			);
			path = API;
			sourceTree = "<group>";
		};
		CC7CCAF92FA2ADA200C05C77 /* Engine */ = {
			isa = PBXGroup;
			children = (
				CC7CCAF72FA2ADA200C05C77 /* AssistantEngine.swift */,
				CC7CCAF62FA2ADA200C05C77 /* AssistantDelegate.swift */,
				CC7CCAF82FA2ADA200C05C77 /* ConversationSession.swift */,
				CC7CCAFD2FA2ADA200C05C77 /* SystemPromptBuilder.swift */,
			);
			path = Engine;
			sourceTree = "<group>";
		};
		CC7CCAFC2FA2ADA200C05C77 /* Models */ = {
			isa = PBXGroup;
			children = (
				CC7CCAFA2FA2ADA200C05C77 /* APIModels.swift */,
				CC7CCAFB2FA2ADA200C05C77 /* Message.swift */,
			);
			path = Models;
			sourceTree = "<group>";
		};
		CC7CCB022FA2ADA200C05C77 /* Tools */ = {
			isa = PBXGroup;
			children = (
				CC7CCAFF2FA2ADA200C05C77 /* AssistantTool.swift */,
				CC7CCB002FA2ADA200C05C77 /* DocumentationTool.swift */,
				CC7CCB012FA2ADA200C05C77 /* ToolRegistry.swift */,
			);
			path = Tools;
			sourceTree = "<group>";
		};
		CC7CCB032FA2ADA200C05C77 /* LispKitAssist */ = {
			isa = PBXGroup;
			children = (
				CC7CCAF52FA2ADA200C05C77 /* API */,
				CC7CCAF92FA2ADA200C05C77 /* Engine */,
				CC7CCAFC2FA2ADA200C05C77 /* Models */,
				CC7CCB022FA2ADA200C05C77 /* Tools */,
			);
			name = LispKitAssist;
			path = Sources/LispKitAssist;
			sourceTree = "<group>";
		};
		CC7CCB102FA2ADD000C05C77 /* LispKitAssistTests */ = {
			isa = PBXGroup;
			children = (
				CC7CCB0F2FA2ADD000C05C77 /* LispKitAssistTests.swift */,
			);
			name = LispKitAssistTests;
			path = Tests/LispKitAssistTests;
			sourceTree = "<group>";
		};
		CC7CCB132FA2AE1400C05C77 /* example */ = {
			isa = PBXGroup;
			children = (
				CC7CCB122FA2AE1400C05C77 /* avl-tree.scm */,
			);
			path = example;
			sourceTree = "<group>";
		};
		CC7CCB142FA2AE1400C05C77 /* lispkit */ = {
			isa = PBXGroup;
			children = (
				CC7CCB132FA2AE1400C05C77 /* example */,
			);
			path = lispkit;
			sourceTree = "<group>";
		};
		CC7CCB152FA2AE1400C05C77 /* Libraries */ = {
			isa = PBXGroup;
			children = (
				CC7CCB142FA2AE1400C05C77 /* lispkit */,
			);
			path = Libraries;
			sourceTree = "<group>";
		};
		CC7CCB192FA2AE1400C05C77 /* paip */ = {
			isa = PBXGroup;
			children = (
				CC7CCB162FA2AE1400C05C77 /* patmatch.sld */,
				CC7CCB172FA2AE1400C05C77 /* simplifier.sld */,
				CC7CCB182FA2AE1400C05C77 /* util.sld */,
			);
			path = paip;
			sourceTree = "<group>";
		};
		CC7CCB3F2FA2AE1400C05C77 /* Programs */ = {
			isa = PBXGroup;
			children = (
				CC7CCB192FA2AE1400C05C77 /* paip */,
				CC7CCB1A2FA2AE1400C05C77 /* Blockchain.scm */,
				CC7CCB1B2FA2AE1400C05C77 /* Channels.scm */,
				CC7CCB1C2FA2AE1400C05C77 /* Compiler.scm */,
				CC7CCB1D2FA2AE1400C05C77 /* Coroutines.scm */,
				CC7CCB1E2FA2AE1400C05C77 /* Covid.scm */,
				CC7CCB1F2FA2AE1400C05C77 /* DrawBarCharts.scm */,
				CC7CCB202FA2AE1400C05C77 /* DrawMaps.scm */,
				CC7CCB212FA2AE1400C05C77 /* DrawTrees.scm */,
				CC7CCB222FA2AE1400C05C77 /* EditDistance.scm */,
				CC7CCB232FA2AE1400C05C77 /* EUStats.scm */,
				CC7CCB242FA2AE1400C05C77 /* HTTP.scm */,
				CC7CCB252FA2AE1400C05C77 /* ImageComposition.scm */,
				CC7CCB262FA2AE1400C05C77 /* JSON.scm */,
				CC7CCB272FA2AE1400C05C77 /* Keychain.scm */,
				CC7CCB282FA2AE1400C05C77 /* Math.scm */,
				CC7CCB292FA2AE1400C05C77 /* Maze.scm */,
				CC7CCB2A2FA2AE1400C05C77 /* MermaidDiagrams.scm */,
				CC7CCB2B2FA2AE1400C05C77 /* ObjectOrientation.scm */,
				CC7CCB2C2FA2AE1400C05C77 /* OCR.scm */,
				CC7CCB2D2FA2AE1400C05C77 /* PDF.scm */,
				CC7CCB2E2FA2AE1400C05C77 /* Pi.scm */,
				CC7CCB2F2FA2AE1400C05C77 /* Pinterest.scm */,
				CC7CCB302FA2AE1400C05C77 /* Plot.scm */,
				CC7CCB312FA2AE1400C05C77 /* Polynomials.scm */,
				CC7CCB322FA2AE1400C05C77 /* Prolog.scm */,
				CC7CCB332FA2AE1400C05C77 /* Queens.scm */,
				CC7CCB342FA2AE1400C05C77 /* Schelog.scm */,
				CC7CCB352FA2AE1400C05C77 /* Simplifier.scm */,
				CC7CCB362FA2AE1400C05C77 /* SpellNumbers.scm */,
				CC7CCB372FA2AE1400C05C77 /* Streams.scm */,
				CC7CCB382FA2AE1400C05C77 /* StyledTextDoc.scm */,
				CC7CCB392FA2AE1400C05C77 /* Sudoku.scm */,
				CC7CCB3A2FA2AE1400C05C77 /* Topological.scm */,
				CC7CCB3B2FA2AE1400C05C77 /* Turtle.scm */,
				CC7CCB3C2FA2AE1400C05C77 /* VisualizePointSets.scm */,
				CC7CCB3D2FA2AE1400C05C77 /* WebAPIs.scm */,
				CC7CCB3E2FA2AE1400C05C77 /* Webserver.scm */,
			);
			path = Programs;
			sourceTree = "<group>";
		};
		CC7CCB702FA2AE1400C05C77 /* Tests */ = {
			isa = PBXGroup;
			children = (
				CC7CCB402FA2AE1400C05C77 /* All.scm */,
				CC7CCB412FA2AE1400C05C77 /* Import.scm */,
				CC7CCB422FA2AE1400C05C77 /* LispKit-Channel.scm */,
				CC7CCB432FA2AE1400C05C77 /* LispKit-Control.scm */,
				CC7CCB442FA2AE1400C05C77 /* LispKit-Enum.scm */,
				CC7CCB452FA2AE1400C05C77 /* LispKit-JSON-Schema.scm */,
				CC7CCB462FA2AE1400C05C77 /* LispKit-List-Set.scm */,
				CC7CCB472FA2AE1400C05C77 /* LispKit-Match.scm */,
				CC7CCB482FA2AE1400C05C77 /* LispKit-Record.scm */,
				CC7CCB492FA2AE1400C05C77 /* LispKit-Shared-Queue.scm */,
				CC7CCB4A2FA2AE1400C05C77 /* LispKit-WT-Tree.scm */,
				CC7CCB4B2FA2AE1400C05C77 /* R7RS.scm */,
				CC7CCB4C2FA2AE1400C05C77 /* SRFI-14.scm */,
				CC7CCB4D2FA2AE1400C05C77 /* SRFI-18.scm */,
				CC7CCB4E2FA2AE1400C05C77 /* SRFI-101.scm */,
				CC7CCB4F2FA2AE1400C05C77 /* SRFI-125.scm */,
				CC7CCB502FA2AE1400C05C77 /* SRFI-128.scm */,
				CC7CCB512FA2AE1400C05C77 /* SRFI-143.scm */,
				CC7CCB522FA2AE1400C05C77 /* SRFI-144.scm */,
				CC7CCB532FA2AE1400C05C77 /* SRFI-146.scm */,
				CC7CCB542FA2AE1400C05C77 /* SRFI-154.scm */,
				CC7CCB552FA2AE1400C05C77 /* SRFI-155.scm */,
				CC7CCB562FA2AE1400C05C77 /* SRFI-165.scm */,
				CC7CCB572FA2AE1400C05C77 /* SRFI-166.scm */,
				CC7CCB582FA2AE1400C05C77 /* SRFI-167.scm */,
				CC7CCB592FA2AE1400C05C77 /* SRFI-173.scm */,
				CC7CCB5A2FA2AE1400C05C77 /* SRFI-174.scm */,
				CC7CCB5B2FA2AE1400C05C77 /* SRFI-175.scm */,
				CC7CCB5C2FA2AE1400C05C77 /* SRFI-189.scm */,
				CC7CCB5D2FA2AE1400C05C77 /* SRFI-194.scm */,
				CC7CCB5E2FA2AE1400C05C77 /* SRFI-196.scm */,
				CC7CCB5F2FA2AE1400C05C77 /* SRFI-204.scm */,
				CC7CCB602FA2AE1400C05C77 /* SRFI-209.scm */,
				CC7CCB612FA2AE1400C05C77 /* SRFI-210.scm */,
				CC7CCB622FA2AE1400C05C77 /* SRFI-214.scm */,
				CC7CCB632FA2AE1400C05C77 /* SRFI-217.scm */,
				CC7CCB642FA2AE1400C05C77 /* SRFI-219.scm */,
				CC7CCB652FA2AE1400C05C77 /* SRFI-221.scm */,
				CC7CCB662FA2AE1400C05C77 /* SRFI-222.scm */,
				CC7CCB672FA2AE1400C05C77 /* SRFI-223.scm */,
				CC7CCB682FA2AE1400C05C77 /* SRFI-224.scm */,
				CC7CCB692FA2AE1400C05C77 /* SRFI-227.scm */,
				CC7CCB6A2FA2AE1400C05C77 /* SRFI-228.scm */,
				CC7CCB6B2FA2AE1400C05C77 /* SRFI-229.scm */,
				CC7CCB6C2FA2AE1400C05C77 /* SRFI-232.scm */,
				CC7CCB6D2FA2AE1400C05C77 /* SRFI-233.scm */,
				CC7CCB6E2FA2AE1400C05C77 /* SRFI-235.scm */,
				CC7CCB6F2FA2AE1400C05C77 /* SRFI-258.scm */,
			);
			path = Tests;
			sourceTree = "<group>";
		};
		CC7CCB712FA2AE1400C05C77 /* Examples */ = {
			isa = PBXGroup;
			children = (
				CC7CCB152FA2AE1400C05C77 /* Libraries */,
				CC7CCB3F2FA2AE1400C05C77 /* Programs */,
				CC7CCB702FA2AE1400C05C77 /* Tests */,
			);
			path = Examples;
			sourceTree = "<group>";
		};
		CC80AA032FA0B91400859B31 = {
			isa = PBXGroup;
			children = (
				CC7CCB732FA2BBD800C05C77 /* README.md */,
				CC7CCB722FA2BBC100C05C77 /* CLAUDE.md */,
				CC73EC0D2FA10F4900C65813 /* Package.swift */,
				CC73EC1A2FA1F24D00C65813 /* LispKitAssist.docc */,
				CC7CCB032FA2ADA200C05C77 /* LispKitAssist */,
				CC7CCB102FA2ADD000C05C77 /* LispKitAssistTests */,
				CC7CCAEF2FA2AD5E00C05C77 /* LispKitCLI */,
				CC73EC6A2FA1F36F00C65813 /* Resources */,
				CC73EC072FA10E3800C65813 /* Frameworks */,
				CC80AA0E2FA0B91400859B31 /* Products */,
			);
			sourceTree = "<group>";
		};
		CC80AA0E2FA0B91400859B31 /* Products */ = {
			isa = PBXGroup;
			children = (
				CC80AA0D2FA0B91400859B31 /* LispKitAssist.framework */,
				CC80AA182FA0B91400859B31 /* LispKitAssistTests.xctest */,
				CC73EBFC2FA10C1700C65813 /* LispKitCLI */,
			);
			name = Products;
			sourceTree = "<group>";
		};
/* End PBXGroup section */

/* Begin PBXHeadersBuildPhase section */
		CC80AA082FA0B91400859B31 /* Headers */ = {
			isa = PBXHeadersBuildPhase;
			buildActionMask = 2147483647;
			files = (
			);
			runOnlyForDeploymentPostprocessing = 0;
		};
/* End PBXHeadersBuildPhase section */

/* Begin PBXNativeTarget section */
		CC73EBFB2FA10C1700C65813 /* LispKitCLI */ = {
			isa = PBXNativeTarget;
			buildConfigurationList = CC73EC002FA10C1700C65813 /* Build configuration list for PBXNativeTarget "LispKitCLI" */;
			buildPhases = (
				CC73EBF82FA10C1700C65813 /* Sources */,
				CC73EBF92FA10C1700C65813 /* Frameworks */,
				CC73EBFA2FA10C1700C65813 /* CopyFiles */,
				CC73EC0C2FA10E3800C65813 /* Embed Frameworks */,
			);
			buildRules = (
			);
			dependencies = (
				CC73EC0B2FA10E3800C65813 /* PBXTargetDependency */,
			);
			name = LispKitCLI;
			packageProductDependencies = (
				CC73EC132FA1133800C65813 /* CommandLineKit */,
			);
			productName = LispKitCLI;
			productReference = CC73EBFC2FA10C1700C65813 /* LispKitCLI */;
			productType = "com.apple.product-type.tool";
		};
		CC80AA0C2FA0B91400859B31 /* LispKitAssist */ = {
			isa = PBXNativeTarget;
			buildConfigurationList = CC80AA212FA0B91400859B31 /* Build configuration list for PBXNativeTarget "LispKitAssist" */;
			buildPhases = (
				CC80AA082FA0B91400859B31 /* Headers */,
				CC80AA092FA0B91400859B31 /* Sources */,
				CC80AA0A2FA0B91400859B31 /* Frameworks */,
				CC80AA0B2FA0B91400859B31 /* Resources */,
			);
			buildRules = (
			);
			dependencies = (
			);
			name = LispKitAssist;
			packageProductDependencies = (
				CC73EBF02FA0FFF700C65813 /* DynamicJSON */,
			);
			productName = LispKitAssist;
			productReference = CC80AA0D2FA0B91400859B31 /* LispKitAssist.framework */;
			productType = "com.apple.product-type.framework";
		};
		CC80AA172FA0B91400859B31 /* LispKitAssistTests */ = {
			isa = PBXNativeTarget;
			buildConfigurationList = CC80AA242FA0B91400859B31 /* Build configuration list for PBXNativeTarget "LispKitAssistTests" */;
			buildPhases = (
				CC80AA142FA0B91400859B31 /* Sources */,
				CC80AA152FA0B91400859B31 /* Frameworks */,
				CC80AA162FA0B91400859B31 /* Resources */,
			);
			buildRules = (
			);
			dependencies = (
				CC80AA1B2FA0B91400859B31 /* PBXTargetDependency */,
			);
			name = LispKitAssistTests;
			packageProductDependencies = (
			);
			productName = LispKitAssistTests;
			productReference = CC80AA182FA0B91400859B31 /* LispKitAssistTests.xctest */;
			productType = "com.apple.product-type.bundle.unit-test";
		};
/* End PBXNativeTarget section */

/* Begin PBXProject section */
		CC80AA042FA0B91400859B31 /* Project object */ = {
			isa = PBXProject;
			attributes = {
				BuildIndependentTargetsInParallel = 1;
				LastSwiftUpdateCheck = 2640;
				LastUpgradeCheck = 2640;
				TargetAttributes = {
					CC73EBFB2FA10C1700C65813 = {
						CreatedOnToolsVersion = 26.4.1;
					};
					CC80AA0C2FA0B91400859B31 = {
						CreatedOnToolsVersion = 26.4.1;
					};
					CC80AA172FA0B91400859B31 = {
						CreatedOnToolsVersion = 26.4.1;
					};
				};
			};
			buildConfigurationList = CC80AA072FA0B91400859B31 /* Build configuration list for PBXProject "LispKitAssist" */;
			developmentRegion = en;
			hasScannedForEncodings = 0;
			knownRegions = (
				en,
				Base,
			);
			mainGroup = CC80AA032FA0B91400859B31;
			minimizedProjectReferenceProxies = 1;
			packageReferences = (
				CC73EBEF2FA0FFF700C65813 /* XCRemoteSwiftPackageReference "swift-dynamicjson" */,
				CC73EC122FA1133800C65813 /* XCRemoteSwiftPackageReference "swift-commandlinekit" */,
			);
			preferredProjectObjectVersion = 77;
			productRefGroup = CC80AA0E2FA0B91400859B31 /* Products */;
			projectDirPath = "";
			projectRoot = "";
			targets = (
				CC80AA0C2FA0B91400859B31 /* LispKitAssist */,
				CC73EBFB2FA10C1700C65813 /* LispKitCLI */,
				CC80AA172FA0B91400859B31 /* LispKitAssistTests */,
			);
		};
/* End PBXProject section */

/* Begin PBXResourcesBuildPhase section */
		CC80AA0B2FA0B91400859B31 /* Resources */ = {
			isa = PBXResourcesBuildPhase;
			buildActionMask = 2147483647;
			files = (
			);
			runOnlyForDeploymentPostprocessing = 0;
		};
		CC80AA162FA0B91400859B31 /* Resources */ = {
			isa = PBXResourcesBuildPhase;
			buildActionMask = 2147483647;
			files = (
			);
			runOnlyForDeploymentPostprocessing = 0;
		};
/* End PBXResourcesBuildPhase section */

/* Begin PBXSourcesBuildPhase section */
		CC73EBF82FA10C1700C65813 /* Sources */ = {
			isa = PBXSourcesBuildPhase;
			buildActionMask = 2147483647;
			files = (
				CC7CCAF02FA2AD5E00C05C77 /* main.swift in Sources */,
				CC7CCAF12FA2AD5E00C05C77 /* KeychainManager.swift in Sources */,
				CC7CCAF22FA2AD5E00C05C77 /* CLIPresenter.swift in Sources */,
			);
			runOnlyForDeploymentPostprocessing = 0;
		};
		CC80AA092FA0B91400859B31 /* Sources */ = {
			isa = PBXSourcesBuildPhase;
			buildActionMask = 2147483647;
			files = (
				CC7CCB042FA2ADA200C05C77 /* AnthropicClient.swift in Sources */,
				CC7CCB052FA2ADA200C05C77 /* APIModels.swift in Sources */,
				CC7CCB062FA2ADA200C05C77 /* AssistantTool.swift in Sources */,
				CC7CCB072FA2ADA200C05C77 /* DocumentationTool.swift in Sources */,
				CC7CCB082FA2ADA200C05C77 /* Message.swift in Sources */,
				CC7CCB092FA2ADA200C05C77 /* SystemPromptBuilder.swift in Sources */,
				CC7CCB0A2FA2ADA200C05C77 /* ToolRegistry.swift in Sources */,
				CC7CCB0B2FA2ADA200C05C77 /* StreamParser.swift in Sources */,
				CC7CCB0C2FA2ADA200C05C77 /* AssistantEngine.swift in Sources */,
				CC7CCB0D2FA2ADA200C05C77 /* AssistantDelegate.swift in Sources */,
				CC7CCB0E2FA2ADA200C05C77 /* ConversationSession.swift in Sources */,
				CC73EC1B2FA1F24D00C65813 /* LispKitAssist.docc in Sources */,
			);
			runOnlyForDeploymentPostprocessing = 0;
		};
		CC80AA142FA0B91400859B31 /* Sources */ = {
			isa = PBXSourcesBuildPhase;
			buildActionMask = 2147483647;
			files = (
				CC7CCB112FA2ADD000C05C77 /* LispKitAssistTests.swift in Sources */,
			);
			runOnlyForDeploymentPostprocessing = 0;
		};
/* End PBXSourcesBuildPhase section */

/* Begin PBXTargetDependency section */
		CC73EC0B2FA10E3800C65813 /* PBXTargetDependency */ = {
			isa = PBXTargetDependency;
			target = CC80AA0C2FA0B91400859B31 /* LispKitAssist */;
			targetProxy = CC73EC0A2FA10E3800C65813 /* PBXContainerItemProxy */;
		};
		CC80AA1B2FA0B91400859B31 /* PBXTargetDependency */ = {
			isa = PBXTargetDependency;
			target = CC80AA0C2FA0B91400859B31 /* LispKitAssist */;
			targetProxy = CC80AA1A2FA0B91400859B31 /* PBXContainerItemProxy */;
		};
/* End PBXTargetDependency section */

/* Begin XCBuildConfiguration section */
		CC73EC012FA10C1700C65813 /* Debug */ = {
			isa = XCBuildConfiguration;
			buildSettings = {
				CODE_SIGN_STYLE = Automatic;
				DEVELOPMENT_TEAM = C72Z63N8M5;
				ENABLE_HARDENED_RUNTIME = YES;
				MACOSX_DEPLOYMENT_TARGET = 26.2;
				PRODUCT_NAME = "$(TARGET_NAME)";
				SDKROOT = macosx;
				SWIFT_APPROACHABLE_CONCURRENCY = YES;
				SWIFT_UPCOMING_FEATURE_MEMBER_IMPORT_VISIBILITY = YES;
				SWIFT_VERSION = 5.0;
			};
			name = Debug;
		};
		CC73EC022FA10C1700C65813 /* Release */ = {
			isa = XCBuildConfiguration;
			buildSettings = {
				CODE_SIGN_STYLE = Automatic;
				DEVELOPMENT_TEAM = C72Z63N8M5;
				ENABLE_HARDENED_RUNTIME = YES;
				MACOSX_DEPLOYMENT_TARGET = 26.2;
				PRODUCT_NAME = "$(TARGET_NAME)";
				SDKROOT = macosx;
				SWIFT_APPROACHABLE_CONCURRENCY = YES;
				SWIFT_UPCOMING_FEATURE_MEMBER_IMPORT_VISIBILITY = YES;
				SWIFT_VERSION = 5.0;
			};
			name = Release;
		};
		CC80AA1F2FA0B91400859B31 /* Debug */ = {
			isa = XCBuildConfiguration;
			buildSettings = {
				ALWAYS_SEARCH_USER_PATHS = NO;
				ASSETCATALOG_COMPILER_GENERATE_SWIFT_ASSET_SYMBOL_EXTENSIONS = YES;
				CLANG_ANALYZER_NONNULL = YES;
				CLANG_ANALYZER_NUMBER_OBJECT_CONVERSION = YES_AGGRESSIVE;
				CLANG_CXX_LANGUAGE_STANDARD = "gnu++20";
				CLANG_ENABLE_MODULES = YES;
				CLANG_ENABLE_OBJC_ARC = YES;
				CLANG_ENABLE_OBJC_WEAK = YES;
				CLANG_WARN_BLOCK_CAPTURE_AUTORELEASING = YES;
				CLANG_WARN_BOOL_CONVERSION = YES;
				CLANG_WARN_COMMA = YES;
				CLANG_WARN_CONSTANT_CONVERSION = YES;
				CLANG_WARN_DEPRECATED_OBJC_IMPLEMENTATIONS = YES;
				CLANG_WARN_DIRECT_OBJC_ISA_USAGE = YES_ERROR;
				CLANG_WARN_DOCUMENTATION_COMMENTS = YES;
				CLANG_WARN_EMPTY_BODY = YES;
				CLANG_WARN_ENUM_CONVERSION = YES;
				CLANG_WARN_INFINITE_RECURSION = YES;
				CLANG_WARN_INT_CONVERSION = YES;
				CLANG_WARN_NON_LITERAL_NULL_CONVERSION = YES;
				CLANG_WARN_OBJC_IMPLICIT_RETAIN_SELF = YES;
				CLANG_WARN_OBJC_LITERAL_CONVERSION = YES;
				CLANG_WARN_OBJC_ROOT_CLASS = YES_ERROR;
				CLANG_WARN_QUOTED_INCLUDE_IN_FRAMEWORK_HEADER = YES;
				CLANG_WARN_RANGE_LOOP_ANALYSIS = YES;
				CLANG_WARN_STRICT_PROTOTYPES = YES;
				CLANG_WARN_SUSPICIOUS_MOVE = YES;
				CLANG_WARN_UNGUARDED_AVAILABILITY = YES_AGGRESSIVE;
				CLANG_WARN_UNREACHABLE_CODE = YES;
				CLANG_WARN__DUPLICATE_METHOD_MATCH = YES;
				COPY_PHASE_STRIP = NO;
				CURRENT_PROJECT_VERSION = 1;
				DEBUG_INFORMATION_FORMAT = dwarf;
				DEVELOPMENT_TEAM = C72Z63N8M5;
				ENABLE_STRICT_OBJC_MSGSEND = YES;
				ENABLE_TESTABILITY = YES;
				ENABLE_USER_SCRIPT_SANDBOXING = YES;
				GCC_C_LANGUAGE_STANDARD = gnu17;
				GCC_DYNAMIC_NO_PIC = NO;
				GCC_NO_COMMON_BLOCKS = YES;
				GCC_OPTIMIZATION_LEVEL = 0;
				GCC_PREPROCESSOR_DEFINITIONS = (
					"DEBUG=1",
					"$(inherited)",
				);
				GCC_WARN_64_TO_32_BIT_CONVERSION = YES;
				GCC_WARN_ABOUT_RETURN_TYPE = YES_ERROR;
				GCC_WARN_UNDECLARED_SELECTOR = YES;
				GCC_WARN_UNINITIALIZED_AUTOS = YES_AGGRESSIVE;
				GCC_WARN_UNUSED_FUNCTION = YES;
				GCC_WARN_UNUSED_VARIABLE = YES;
				LOCALIZATION_PREFERS_STRING_CATALOGS = YES;
				MTL_ENABLE_DEBUG_INFO = INCLUDE_SOURCE;
				MTL_FAST_MATH = YES;
				ONLY_ACTIVE_ARCH = YES;
				SWIFT_ACTIVE_COMPILATION_CONDITIONS = "DEBUG $(inherited)";
				SWIFT_OPTIMIZATION_LEVEL = "-Onone";
				VERSIONING_SYSTEM = "apple-generic";
				VERSION_INFO_PREFIX = "";
			};
			name = Debug;
		};
		CC80AA202FA0B91400859B31 /* Release */ = {
			isa = XCBuildConfiguration;
			buildSettings = {
				ALWAYS_SEARCH_USER_PATHS = NO;
				ASSETCATALOG_COMPILER_GENERATE_SWIFT_ASSET_SYMBOL_EXTENSIONS = YES;
				CLANG_ANALYZER_NONNULL = YES;
				CLANG_ANALYZER_NUMBER_OBJECT_CONVERSION = YES_AGGRESSIVE;
				CLANG_CXX_LANGUAGE_STANDARD = "gnu++20";
				CLANG_ENABLE_MODULES = YES;
				CLANG_ENABLE_OBJC_ARC = YES;
				CLANG_ENABLE_OBJC_WEAK = YES;
				CLANG_WARN_BLOCK_CAPTURE_AUTORELEASING = YES;
				CLANG_WARN_BOOL_CONVERSION = YES;
				CLANG_WARN_COMMA = YES;
				CLANG_WARN_CONSTANT_CONVERSION = YES;
				CLANG_WARN_DEPRECATED_OBJC_IMPLEMENTATIONS = YES;
				CLANG_WARN_DIRECT_OBJC_ISA_USAGE = YES_ERROR;
				CLANG_WARN_DOCUMENTATION_COMMENTS = YES;
				CLANG_WARN_EMPTY_BODY = YES;
				CLANG_WARN_ENUM_CONVERSION = YES;
				CLANG_WARN_INFINITE_RECURSION = YES;
				CLANG_WARN_INT_CONVERSION = YES;
				CLANG_WARN_NON_LITERAL_NULL_CONVERSION = YES;
				CLANG_WARN_OBJC_IMPLICIT_RETAIN_SELF = YES;
				CLANG_WARN_OBJC_LITERAL_CONVERSION = YES;
				CLANG_WARN_OBJC_ROOT_CLASS = YES_ERROR;
				CLANG_WARN_QUOTED_INCLUDE_IN_FRAMEWORK_HEADER = YES;
				CLANG_WARN_RANGE_LOOP_ANALYSIS = YES;
				CLANG_WARN_STRICT_PROTOTYPES = YES;
				CLANG_WARN_SUSPICIOUS_MOVE = YES;
				CLANG_WARN_UNGUARDED_AVAILABILITY = YES_AGGRESSIVE;
				CLANG_WARN_UNREACHABLE_CODE = YES;
				CLANG_WARN__DUPLICATE_METHOD_MATCH = YES;
				COPY_PHASE_STRIP = NO;
				CURRENT_PROJECT_VERSION = 1;
				DEBUG_INFORMATION_FORMAT = "dwarf-with-dsym";
				DEVELOPMENT_TEAM = C72Z63N8M5;
				ENABLE_NS_ASSERTIONS = NO;
				ENABLE_STRICT_OBJC_MSGSEND = YES;
				ENABLE_USER_SCRIPT_SANDBOXING = YES;
				GCC_C_LANGUAGE_STANDARD = gnu17;
				GCC_NO_COMMON_BLOCKS = YES;
				GCC_WARN_64_TO_32_BIT_CONVERSION = YES;
				GCC_WARN_ABOUT_RETURN_TYPE = YES_ERROR;
				GCC_WARN_UNDECLARED_SELECTOR = YES;
				GCC_WARN_UNINITIALIZED_AUTOS = YES_AGGRESSIVE;
				GCC_WARN_UNUSED_FUNCTION = YES;
				GCC_WARN_UNUSED_VARIABLE = YES;
				LOCALIZATION_PREFERS_STRING_CATALOGS = YES;
				MTL_ENABLE_DEBUG_INFO = NO;
				MTL_FAST_MATH = YES;
				SWIFT_COMPILATION_MODE = wholemodule;
				VERSIONING_SYSTEM = "apple-generic";
				VERSION_INFO_PREFIX = "";
			};
			name = Release;
		};
		CC80AA222FA0B91400859B31 /* Debug */ = {
			isa = XCBuildConfiguration;
			buildSettings = {
				ALLOW_TARGET_PLATFORM_SPECIALIZATION = YES;
				BUILD_LIBRARY_FOR_DISTRIBUTION = NO;
				CODE_SIGN_STYLE = Automatic;
				CURRENT_PROJECT_VERSION = 1;
				DEVELOPMENT_TEAM = C72Z63N8M5;
				DYLIB_COMPATIBILITY_VERSION = 1;
				DYLIB_CURRENT_VERSION = 1;
				DYLIB_INSTALL_NAME_BASE = "@rpath";
				ENABLE_MODULE_VERIFIER = YES;
				GENERATE_INFOPLIST_FILE = YES;
				INFOPLIST_KEY_NSHumanReadableCopyright = "";
				INSTALL_PATH = "$(LOCAL_LIBRARY_DIR)/Frameworks";
				IPHONEOS_DEPLOYMENT_TARGET = 16.6;
				LD_RUNPATH_SEARCH_PATHS = (
					"@executable_path/Frameworks",
					"@loader_path/Frameworks",
				);
				"LD_RUNPATH_SEARCH_PATHS[sdk=macosx*]" = (
					"@executable_path/../Frameworks",
					"@loader_path/Frameworks",
				);
				MACOSX_DEPLOYMENT_TARGET = 13.5;
				MARKETING_VERSION = 1.0;
				MODULE_VERIFIER_SUPPORTED_LANGUAGES = "objective-c objective-c++";
				MODULE_VERIFIER_SUPPORTED_LANGUAGE_STANDARDS = "gnu17 gnu++20";
				PRODUCT_BUNDLE_IDENTIFIER = net.objecthub.LispKitAssist;
				PRODUCT_NAME = "$(TARGET_NAME:c99extidentifier)";
				SDKROOT = auto;
				SKIP_INSTALL = YES;
				STRING_CATALOG_GENERATE_SYMBOLS = YES;
				SUPPORTED_PLATFORMS = "iphoneos iphonesimulator macosx";
				SUPPORTS_MACCATALYST = NO;
				SWIFT_APPROACHABLE_CONCURRENCY = YES;
				SWIFT_EMIT_LOC_STRINGS = YES;
				SWIFT_INSTALL_MODULE = YES;
				SWIFT_INSTALL_OBJC_HEADER = NO;
				SWIFT_UPCOMING_FEATURE_MEMBER_IMPORT_VISIBILITY = YES;
				SWIFT_VERSION = 5.0;
				TARGETED_DEVICE_FAMILY = "1,2";
				XROS_DEPLOYMENT_TARGET = 26.4;
			};
			name = Debug;
		};
		CC80AA232FA0B91400859B31 /* Release */ = {
			isa = XCBuildConfiguration;
			buildSettings = {
				ALLOW_TARGET_PLATFORM_SPECIALIZATION = YES;
				BUILD_LIBRARY_FOR_DISTRIBUTION = NO;
				CODE_SIGN_STYLE = Automatic;
				CURRENT_PROJECT_VERSION = 1;
				DEVELOPMENT_TEAM = C72Z63N8M5;
				DYLIB_COMPATIBILITY_VERSION = 1;
				DYLIB_CURRENT_VERSION = 1;
				DYLIB_INSTALL_NAME_BASE = "@rpath";
				ENABLE_MODULE_VERIFIER = YES;
				GENERATE_INFOPLIST_FILE = YES;
				INFOPLIST_KEY_NSHumanReadableCopyright = "";
				INSTALL_PATH = "$(LOCAL_LIBRARY_DIR)/Frameworks";
				IPHONEOS_DEPLOYMENT_TARGET = 16.6;
				LD_RUNPATH_SEARCH_PATHS = (
					"@executable_path/Frameworks",
					"@loader_path/Frameworks",
				);
				"LD_RUNPATH_SEARCH_PATHS[sdk=macosx*]" = (
					"@executable_path/../Frameworks",
					"@loader_path/Frameworks",
				);
				MACOSX_DEPLOYMENT_TARGET = 13.5;
				MARKETING_VERSION = 1.0;
				MODULE_VERIFIER_SUPPORTED_LANGUAGES = "objective-c objective-c++";
				MODULE_VERIFIER_SUPPORTED_LANGUAGE_STANDARDS = "gnu17 gnu++20";
				PRODUCT_BUNDLE_IDENTIFIER = net.objecthub.LispKitAssist;
				PRODUCT_NAME = "$(TARGET_NAME:c99extidentifier)";
				SDKROOT = auto;
				SKIP_INSTALL = YES;
				STRING_CATALOG_GENERATE_SYMBOLS = YES;
				SUPPORTED_PLATFORMS = "iphoneos iphonesimulator macosx";
				SUPPORTS_MACCATALYST = NO;
				SWIFT_APPROACHABLE_CONCURRENCY = YES;
				SWIFT_EMIT_LOC_STRINGS = YES;
				SWIFT_INSTALL_MODULE = YES;
				SWIFT_INSTALL_OBJC_HEADER = NO;
				SWIFT_UPCOMING_FEATURE_MEMBER_IMPORT_VISIBILITY = YES;
				SWIFT_VERSION = 5.0;
				TARGETED_DEVICE_FAMILY = "1,2";
				XROS_DEPLOYMENT_TARGET = 26.4;
			};
			name = Release;
		};
		CC80AA252FA0B91400859B31 /* Debug */ = {
			isa = XCBuildConfiguration;
			buildSettings = {
				ALLOW_TARGET_PLATFORM_SPECIALIZATION = YES;
				CODE_SIGN_STYLE = Automatic;
				CURRENT_PROJECT_VERSION = 1;
				DEVELOPMENT_TEAM = C72Z63N8M5;
				GENERATE_INFOPLIST_FILE = YES;
				IPHONEOS_DEPLOYMENT_TARGET = 16.6;
				MACOSX_DEPLOYMENT_TARGET = 13.5;
				MARKETING_VERSION = 1.0;
				PRODUCT_BUNDLE_IDENTIFIER = net.objecthub.LispKitAssistTests;
				PRODUCT_NAME = "$(TARGET_NAME)";
				SDKROOT = auto;
				STRING_CATALOG_GENERATE_SYMBOLS = NO;
				SUPPORTED_PLATFORMS = "iphoneos iphonesimulator macosx";
				SUPPORTS_MACCATALYST = NO;
				SWIFT_APPROACHABLE_CONCURRENCY = YES;
				SWIFT_EMIT_LOC_STRINGS = NO;
				SWIFT_UPCOMING_FEATURE_MEMBER_IMPORT_VISIBILITY = YES;
				SWIFT_VERSION = 5.0;
				TARGETED_DEVICE_FAMILY = "1,2";
				XROS_DEPLOYMENT_TARGET = 26.4;
			};
			name = Debug;
		};
		CC80AA262FA0B91400859B31 /* Release */ = {
			isa = XCBuildConfiguration;
			buildSettings = {
				ALLOW_TARGET_PLATFORM_SPECIALIZATION = YES;
				CODE_SIGN_STYLE = Automatic;
				CURRENT_PROJECT_VERSION = 1;
				DEVELOPMENT_TEAM = C72Z63N8M5;
				GENERATE_INFOPLIST_FILE = YES;
				IPHONEOS_DEPLOYMENT_TARGET = 16.6;
				MACOSX_DEPLOYMENT_TARGET = 13.5;
				MARKETING_VERSION = 1.0;
				PRODUCT_BUNDLE_IDENTIFIER = net.objecthub.LispKitAssistTests;
				PRODUCT_NAME = "$(TARGET_NAME)";
				SDKROOT = auto;
				STRING_CATALOG_GENERATE_SYMBOLS = NO;
				SUPPORTED_PLATFORMS = "iphoneos iphonesimulator macosx";
				SUPPORTS_MACCATALYST = NO;
				SWIFT_APPROACHABLE_CONCURRENCY = YES;
				SWIFT_EMIT_LOC_STRINGS = NO;
				SWIFT_UPCOMING_FEATURE_MEMBER_IMPORT_VISIBILITY = YES;
				SWIFT_VERSION = 5.0;
				TARGETED_DEVICE_FAMILY = "1,2";
				XROS_DEPLOYMENT_TARGET = 26.4;
			};
			name = Release;
		};
/* End XCBuildConfiguration section */

/* Begin XCConfigurationList section */
		CC73EC002FA10C1700C65813 /* Build configuration list for PBXNativeTarget "LispKitCLI" */ = {
			isa = XCConfigurationList;
			buildConfigurations = (
				CC73EC012FA10C1700C65813 /* Debug */,
				CC73EC022FA10C1700C65813 /* Release */,
			);
			defaultConfigurationIsVisible = 0;
			defaultConfigurationName = Release;
		};
		CC80AA072FA0B91400859B31 /* Build configuration list for PBXProject "LispKitAssist" */ = {
			isa = XCConfigurationList;
			buildConfigurations = (
				CC80AA1F2FA0B91400859B31 /* Debug */,
				CC80AA202FA0B91400859B31 /* Release */,
			);
			defaultConfigurationIsVisible = 0;
			defaultConfigurationName = Release;
		};
		CC80AA212FA0B91400859B31 /* Build configuration list for PBXNativeTarget "LispKitAssist" */ = {
			isa = XCConfigurationList;
			buildConfigurations = (
				CC80AA222FA0B91400859B31 /* Debug */,
				CC80AA232FA0B91400859B31 /* Release */,
			);
			defaultConfigurationIsVisible = 0;
			defaultConfigurationName = Release;
		};
		CC80AA242FA0B91400859B31 /* Build configuration list for PBXNativeTarget "LispKitAssistTests" */ = {
			isa = XCConfigurationList;
			buildConfigurations = (
				CC80AA252FA0B91400859B31 /* Debug */,
				CC80AA262FA0B91400859B31 /* Release */,
			);
			defaultConfigurationIsVisible = 0;
			defaultConfigurationName = Release;
		};
/* End XCConfigurationList section */

/* Begin XCRemoteSwiftPackageReference section */
		CC73EBEF2FA0FFF700C65813 /* XCRemoteSwiftPackageReference "swift-dynamicjson" */ = {
			isa = XCRemoteSwiftPackageReference;
			repositoryURL = "https://github.com/objecthub/swift-dynamicjson";
			requirement = {
				branch = main;
				kind = branch;
			};
		};
		CC73EC122FA1133800C65813 /* XCRemoteSwiftPackageReference "swift-commandlinekit" */ = {
			isa = XCRemoteSwiftPackageReference;
			repositoryURL = "https://github.com/objecthub/swift-commandlinekit";
			requirement = {
				kind = upToNextMajorVersion;
				minimumVersion = 1.0.0;
			};
		};
/* End XCRemoteSwiftPackageReference section */

/* Begin XCSwiftPackageProductDependency section */
		CC73EBF02FA0FFF700C65813 /* DynamicJSON */ = {
			isa = XCSwiftPackageProductDependency;
			package = CC73EBEF2FA0FFF700C65813 /* XCRemoteSwiftPackageReference "swift-dynamicjson" */;
			productName = DynamicJSON;
		};
		CC73EC132FA1133800C65813 /* CommandLineKit */ = {
			isa = XCSwiftPackageProductDependency;
			package = CC73EC122FA1133800C65813 /* XCRemoteSwiftPackageReference "swift-commandlinekit" */;
			productName = CommandLineKit;
		};
/* End XCSwiftPackageProductDependency section */
	};
	rootObject = CC80AA042FA0B91400859B31 /* Project object */;
}
